
Microsoft Visual Studio Solution File, Format Version 9.00
# Visual Studio 2005
Project("{FAE04EC0-301F-11D3-BF4B-00C04F79EFBC}") = "Translator", "Translator\Translator.csproj", "{A5DC68D3-CEDC-4F86-8361-AF34DBA09E11}"
EndProject
Global
	GlobalSection(SolutionConfigurationPlatforms) = preSolution
		Debug|Any CPU = Debug|Any CPU
		Release|Any CPU = Release|Any CPU
	EndGlobalSection
	GlobalSection(ProjectConfigurationPlatforms) = postSolution
		{A5DC68D3-CEDC-4F86-8361-AF34DBA09E11}.Debug|Any CPU.ActiveCfg = Debug|Any CPU
		{A5DC68D3-CEDC-4F86-8361-AF34DBA09E11}.Debug|Any CPU.Build.0 = Debug|Any CPU
		{A5DC68D3-CEDC-4F86-8361-AF34DBA09E11}.Release|Any CPU.ActiveCfg = Release|Any CPU
		{A5DC68D3-CEDC-4F86-8361-AF34DBA09E11}.Release|Any CPU.Build.0 = Release|Any CPU
	EndGlobalSection
	GlobalSection(SolutionProperties) = preSolution
		HideSolutionNode = FALSE
	EndGlobalSection
EndGlobal
